# This file is automatically @generated by Cargo.
# It is not intended for manual editing.
[[package]]
name = "sc"
version = "0.2.3"
source = "git+https://github.com/AgustinCB/syscall.rs/#44546775beac0e16872d4aaf26e300ee907df837"

[[package]]
name = "tiny-rust-executable"
version = "0.5.0"
dependencies = [
 "sc",
]
