# This file is automatically @generated by Cargo.
# It is not intended for manual editing.
[[package]]
name = "sc"
version = "0.2.3"
source = "registry+https://github.com/rust-lang/crates.io-index"
checksum = "176365c8253e381ad147774b6d9730a1b3fe2d7db498af521ed7d968674a55b3"

[[package]]
name = "tiny-rust-executable"
version = "0.5.1"
dependencies = [
 "sc",
]
